// !$*UTF8*$!
{
	archiveVersion = 1;
	classes = {
	};
	objectVersion = 50;
	objects = {

/* Begin PBXBuildFile section */
		7F1D214C21CF5837002AF483 /* AppDelegate.swift in Sources */ = {isa = PBXBuildFile; fileRef = 7F1D214B21CF5837002AF483 /* AppDelegate.swift */; };
		7F1D214E21CF5837002AF483 /* TodoListViewController.swift in Sources */ = {isa = PBXBuildFile; fileRef = 7F1D214D21CF5837002AF483 /* TodoListViewController.swift */; };
		7F1D215121CF5837002AF483 /* Main.storyboard in Resources */ = {isa = PBXBuildFile; fileRef = 7F1D214F21CF5837002AF483 /* Main.storyboard */; };
		7F1D215321CF583A002AF483 /* Assets.xcassets in Resources */ = {isa = PBXBuildFile; fileRef = 7F1D215221CF583A002AF483 /* Assets.xcassets */; };
		7F1D215621CF583A002AF483 /* LaunchScreen.storyboard in Resources */ = {isa = PBXBuildFile; fileRef = 7F1D215421CF583A002AF483 /* LaunchScreen.storyboard */; };
		7F91881E21D4B04A009EC1D0 /* CategoryViewController.swift in Sources */ = {isa = PBXBuildFile; fileRef = 7F91881D21D4B04A009EC1D0 /* CategoryViewController.swift */; };
		7FB2291621D1E234004EB58D /* ItemOld.swift in Sources */ = {isa = PBXBuildFile; fileRef = 7FB2291521D1E234004EB58D /* ItemOld.swift */; };
		7FB2293A21D28041004EB58D /* DataModel.xcdatamodeld in Sources */ = {isa = PBXBuildFile; fileRef = 7FB2293821D28041004EB58D /* DataModel.xcdatamodeld */; };
/* End PBXBuildFile section */

/* Begin PBXFileReference section */
		7F1D214821CF5837002AF483 /* Todoey.app */ = {isa = PBXFileReference; explicitFileType = wrapper.application; includeInIndex = 0; path = Todoey.app; sourceTree = BUILT_PRODUCTS_DIR; };
		7F1D214B21CF5837002AF483 /* AppDelegate.swift */ = {isa = PBXFileReference; lastKnownFileType = sourcecode.swift; path = AppDelegate.swift; sourceTree = "<group>"; };
		7F1D214D21CF5837002AF483 /* TodoListViewController.swift */ = {isa = PBXFileReference; lastKnownFileType = sourcecode.swift; path = TodoListViewController.swift; sourceTree = "<group>"; };
		7F1D215021CF5837002AF483 /* Base */ = {isa = PBXFileReference; lastKnownFileType = file.storyboard; name = Base; path = Base.lproj/Main.storyboard; sourceTree = "<group>"; };
		7F1D215221CF583A002AF483 /* Assets.xcassets */ = {isa = PBXFileReference; lastKnownFileType = folder.assetcatalog; path = Assets.xcassets; sourceTree = "<group>"; };
		7F1D215521CF583A002AF483 /* Base */ = {isa = PBXFileReference; lastKnownFileType = file.storyboard; name = Base; path = Base.lproj/LaunchScreen.storyboard; sourceTree = "<group>"; };
		7F1D215721CF583A002AF483 /* Info.plist */ = {isa = PBXFileReference; lastKnownFileType = text.plist.xml; path = Info.plist; sourceTree = "<group>"; };
		7F91881D21D4B04A009EC1D0 /* CategoryViewController.swift */ = {isa = PBXFileReference; lastKnownFileType = sourcecode.swift; path = CategoryViewController.swift; sourceTree = "<group>"; };
		7FB2291521D1E234004EB58D /* ItemOld.swift */ = {isa = PBXFileReference; lastKnownFileType = sourcecode.swift; path = ItemOld.swift; sourceTree = "<group>"; };
		7FB2293921D28041004EB58D /* DataModel.xcdatamodel */ = {isa = PBXFileReference; lastKnownFileType = wrapper.xcdatamodel; path = DataModel.xcdatamodel; sourceTree = "<group>"; };
/* End PBXFileReference section */

/* Begin PBXFrameworksBuildPhase section */
		7F1D214521CF5837002AF483 /* Frameworks */ = {
			isa = PBXFrameworksBuildPhase;
			buildActionMask = 2147483647;
			files = (
			);
			runOnlyForDeploymentPostprocessing = 0;
		};
/* End PBXFrameworksBuildPhase section */

/* Begin PBXGroup section */
		7F1D213F21CF5837002AF483 = {
			isa = PBXGroup;
			children = (
				7F1D214A21CF5837002AF483 /* Todoey */,
				7F1D214921CF5837002AF483 /* Products */,
			);
			sourceTree = "<group>";
		};
		7F1D214921CF5837002AF483 /* Products */ = {
			isa = PBXGroup;
			children = (
				7F1D214821CF5837002AF483 /* Todoey.app */,
			);
			name = Products;
			sourceTree = "<group>";
		};
		7F1D214A21CF5837002AF483 /* Todoey */ = {
			isa = PBXGroup;
			children = (
				7F1D214B21CF5837002AF483 /* AppDelegate.swift */,
				7F1D215721CF583A002AF483 /* Info.plist */,
				7FB2291121D1E11D004EB58D /* Controller */,
				7FB2291321D1E130004EB58D /* Data Model */,
				7FB2291221D1E127004EB58D /* View */,
				7FB2291421D1E13D004EB58D /* Supporting Files */,
			);
			path = Todoey;
			sourceTree = "<group>";
		};
		7FB2291121D1E11D004EB58D /* Controller */ = {
			isa = PBXGroup;
			children = (
				7F1D214D21CF5837002AF483 /* TodoListViewController.swift */,
				7F91881D21D4B04A009EC1D0 /* CategoryViewController.swift */,
			);
			path = Controller;
			sourceTree = "<group>";
		};
		7FB2291221D1E127004EB58D /* View */ = {
			isa = PBXGroup;
			children = (
				7F1D214F21CF5837002AF483 /* Main.storyboard */,
			);
			path = View;
			sourceTree = "<group>";
		};
		7FB2291321D1E130004EB58D /* Data Model */ = {
			isa = PBXGroup;
			children = (
				7FB2293821D28041004EB58D /* DataModel.xcdatamodeld */,
				7FB2291521D1E234004EB58D /* ItemOld.swift */,
			);
			path = "Data Model";
			sourceTree = "<group>";
		};
		7FB2291421D1E13D004EB58D /* Supporting Files */ = {
			isa = PBXGroup;
			children = (
				7F1D215221CF583A002AF483 /* Assets.xcassets */,
				7F1D215421CF583A002AF483 /* LaunchScreen.storyboard */,
			);
			path = "Supporting Files";
			sourceTree = "<group>";
		};
/* End PBXGroup section */

/* Begin PBXNativeTarget section */
		7F1D214721CF5837002AF483 /* Todoey */ = {
			isa = PBXNativeTarget;
			buildConfigurationList = 7F1D215A21CF583A002AF483 /* Build configuration list for PBXNativeTarget "Todoey" */;
			buildPhases = (
				7F1D214421CF5837002AF483 /* Sources */,
				7F1D214521CF5837002AF483 /* Frameworks */,
				7F1D214621CF5837002AF483 /* Resources */,
			);
			buildRules = (
			);
			dependencies = (
			);
			name = Todoey;
			productName = Todoey;
			productReference = 7F1D214821CF5837002AF483 /* Todoey.app */;
			productType = "com.apple.product-type.application";
		};
/* End PBXNativeTarget section */

/* Begin PBXProject section */
		7F1D214021CF5837002AF483 /* Project object */ = {
			isa = PBXProject;
			attributes = {
				LastSwiftUpdateCheck = 1010;
				LastUpgradeCheck = 1010;
				ORGANIZATIONNAME = "muhammad ridho";
				TargetAttributes = {
					7F1D214721CF5837002AF483 = {
						CreatedOnToolsVersion = 10.1;
					};
				};
			};
			buildConfigurationList = 7F1D214321CF5837002AF483 /* Build configuration list for PBXProject "Todoey" */;
			compatibilityVersion = "Xcode 9.3";
			developmentRegion = en;
			hasScannedForEncodings = 0;
			knownRegions = (
				en,
				Base,
			);
			mainGroup = 7F1D213F21CF5837002AF483;
			productRefGroup = 7F1D214921CF5837002AF483 /* Products */;
			projectDirPath = "";
			projectRoot = "";
			targets = (
				7F1D214721CF5837002AF483 /* Todoey */,
			);
		};
/* End PBXProject section */

/* Begin PBXResourcesBuildPhase section */
		7F1D214621CF5837002AF483 /* Resources */ = {
			isa = PBXResourcesBuildPhase;
			buildActionMask = 2147483647;
			files = (
				7F1D215621CF583A002AF483 /* LaunchScreen.storyboard in Resources */,
				7F1D215321CF583A002AF483 /* Assets.xcassets in Resources */,
				7F1D215121CF5837002AF483 /* Main.storyboard in Resources */,
			);
			runOnlyForDeploymentPostprocessing = 0;
		};
/* End PBXResourcesBuildPhase section */

/* Begin PBXSourcesBuildPhase section */
		7F1D214421CF5837002AF483 /* Sources */ = {
			isa = PBXSourcesBuildPhase;
			buildActionMask = 2147483647;
			files = (
				7F91881E21D4B04A009EC1D0 /* CategoryViewController.swift in Sources */,
				7F1D214E21CF5837002AF483 /* TodoListViewController.swift in Sources */,
				7FB2293A21D28041004EB58D /* DataModel.xcdatamodeld in Sources */,
				7FB2291621D1E234004EB58D /* ItemOld.swift in Sources */,
				7F1D214C21CF5837002AF483 /* AppDelegate.swift in Sources */,
			);
			runOnlyForDeploymentPostprocessing = 0;
		};
/* End PBXSourcesBuildPhase section */

/* Begin PBXVariantGroup section */
		7F1D214F21CF5837002AF483 /* Main.storyboard */ = {
			isa = PBXVariantGroup;
			children = (
				7F1D215021CF5837002AF483 /* Base */,
			);
			name = Main.storyboard;
			sourceTree = "<group>";
		};
		7F1D215421CF583A002AF483 /* LaunchScreen.storyboard */ = {
			isa = PBXVariantGroup;
			children = (
				7F1D215521CF583A002AF483 /* Base */,
			);
			name = LaunchScreen.storyboard;
			sourceTree = "<group>";
		};
/* End PBXVariantGroup section */

/* Begin XCBuildConfiguration section */
		7F1D215821CF583A002AF483 /* Debug */ = {
			isa = XCBuildConfiguration;
			buildSettings = {
				ALWAYS_SEARCH_USER_PATHS = NO;
				CLANG_ANALYZER_NONNULL = YES;
				CLANG_ANALYZER_NUMBER_OBJECT_CONVERSION = YES_AGGRESSIVE;
				CLANG_CXX_LANGUAGE_STANDARD = "gnu++14";
				CLANG_CXX_LIBRARY = "libc++";
				CLANG_ENABLE_MODULES = YES;
				CLANG_ENABLE_OBJC_ARC = YES;
				CLANG_ENABLE_OBJC_WEAK = YES;
				CLANG_WARN_BLOCK_CAPTURE_AUTORELEASING = YES;
				CLANG_WARN_BOOL_CONVERSION = YES;
				CLANG_WARN_COMMA = YES;
				CLANG_WARN_CONSTANT_CONVERSION = YES;
				CLANG_WARN_DEPRECATED_OBJC_IMPLEMENTATIONS = YES;
				CLANG_WARN_DIRECT_OBJC_ISA_USAGE = YES_ERROR;
				CLANG_WARN_DOCUMENTATION_COMMENTS = YES;
				CLANG_WARN_EMPTY_BODY = YES;
				CLANG_WARN_ENUM_CONVERSION = YES;
				CLANG_WARN_INFINITE_RECURSION = YES;
				CLANG_WARN_INT_CONVERSION = YES;
				CLANG_WARN_NON_LITERAL_NULL_CONVERSION = YES;
				CLANG_WARN_OBJC_IMPLICIT_RETAIN_SELF = YES;
				CLANG_WARN_OBJC_LITERAL_CONVERSION = YES;
				CLANG_WARN_OBJC_ROOT_CLASS = YES_ERROR;
				CLANG_WARN_RANGE_LOOP_ANALYSIS = YES;
				CLANG_WARN_STRICT_PROTOTYPES = YES;
				CLANG_WARN_SUSPICIOUS_MOVE = YES;
				CLANG_WARN_UNGUARDED_AVAILABILITY = YES_AGGRESSIVE;
				CLANG_WARN_UNREACHABLE_CODE = YES;
				CLANG_WARN__DUPLICATE_METHOD_MATCH = YES;
				CODE_SIGN_IDENTITY = "iPhone Developer";
				COPY_PHASE_STRIP = NO;
				DEBUG_INFORMATION_FORMAT = dwarf;
				ENABLE_STRICT_OBJC_MSGSEND = YES;
				ENABLE_TESTABILITY = YES;
				GCC_C_LANGUAGE_STANDARD = gnu11;
				GCC_DYNAMIC_NO_PIC = NO;
				GCC_NO_COMMON_BLOCKS = YES;
				GCC_OPTIMIZATION_LEVEL = 0;
				GCC_PREPROCESSOR_DEFINITIONS = (
					"DEBUG=1",
					"$(inherited)",
				);
				GCC_WARN_64_TO_32_BIT_CONVERSION = YES;
				GCC_WARN_ABOUT_RETURN_TYPE = YES_ERROR;
				GCC_WARN_UNDECLARED_SELECTOR = YES;
				GCC_WARN_UNINITIALIZED_AUTOS = YES_AGGRESSIVE;
				GCC_WARN_UNUSED_FUNCTION = YES;
				GCC_WARN_UNUSED_VARIABLE = YES;
				IPHONEOS_DEPLOYMENT_TARGET = 12.1;
				MTL_ENABLE_DEBUG_INFO = INCLUDE_SOURCE;
				MTL_FAST_MATH = YES;
				ONLY_ACTIVE_ARCH = YES;
				SDKROOT = iphoneos;
				SWIFT_ACTIVE_COMPILATION_CONDITIONS = DEBUG;
				SWIFT_OPTIMIZATION_LEVEL = "-Onone";
			};
			name = Debug;
		};
		7F1D215921CF583A002AF483 /* Release */ = {
			isa = XCBuildConfiguration;
			buildSettings = {
				ALWAYS_SEARCH_USER_PATHS = NO;
				CLANG_ANALYZER_NONNULL = YES;
				CLANG_ANALYZER_NUMBER_OBJECT_CONVERSION = YES_AGGRESSIVE;
				CLANG_CXX_LANGUAGE_STANDARD = "gnu++14";
				CLANG_CXX_LIBRARY = "libc++";
				CLANG_ENABLE_MODULES = YES;
				CLANG_ENABLE_OBJC_ARC = YES;
				CLANG_ENABLE_OBJC_WEAK = YES;
				CLANG_WARN_BLOCK_CAPTURE_AUTORELEASING = YES;
				CLANG_WARN_BOOL_CONVERSION = YES;
				CLANG_WARN_COMMA = YES;
				CLANG_WARN_CONSTANT_CONVERSION = YES;
				CLANG_WARN_DEPRECATED_OBJC_IMPLEMENTATIONS = YES;
				CLANG_WARN_DIRECT_OBJC_ISA_USAGE = YES_ERROR;
				CLANG_WARN_DOCUMENTATION_COMMENTS = YES;
				CLANG_WARN_EMPTY_BODY = YES;
				CLANG_WARN_ENUM_CONVERSION = YES;
				CLANG_WARN_INFINITE_RECURSION = YES;
				CLANG_WARN_INT_CONVERSION = YES;
				CLANG_WARN_NON_LITERAL_NULL_CONVERSION = YES;
				CLANG_WARN_OBJC_IMPLICIT_RETAIN_SELF = YES;
				CLANG_WARN_OBJC_LITERAL_CONVERSION = YES;
				CLANG_WARN_OBJC_ROOT_CLASS = YES_ERROR;
				CLANG_WARN_RANGE_LOOP_ANALYSIS = YES;
				CLANG_WARN_STRICT_PROTOTYPES = YES;
				CLANG_WARN_SUSPICIOUS_MOVE = YES;
				CLANG_WARN_UNGUARDED_AVAILABILITY = YES_AGGRESSIVE;
				CLANG_WARN_UNREACHABLE_CODE = YES;
				CLANG_WARN__DUPLICATE_METHOD_MATCH = YES;
				CODE_SIGN_IDENTITY = "iPhone Developer";
				COPY_PHASE_STRIP = NO;
				DEBUG_INFORMATION_FORMAT = "dwarf-with-dsym";
				ENABLE_NS_ASSERTIONS = NO;
				ENABLE_STRICT_OBJC_MSGSEND = YES;
				GCC_C_LANGUAGE_STANDARD = gnu11;
				GCC_NO_COMMON_BLOCKS = YES;
				GCC_WARN_64_TO_32_BIT_CONVERSION = YES;
				GCC_WARN_ABOUT_RETURN_TYPE = YES_ERROR;
				GCC_WARN_UNDECLARED_SELECTOR = YES;
				GCC_WARN_UNINITIALIZED_AUTOS = YES_AGGRESSIVE;
				GCC_WARN_UNUSED_FUNCTION = YES;
				GCC_WARN_UNUSED_VARIABLE = YES;
				IPHONEOS_DEPLOYMENT_TARGET = 12.1;
				MTL_ENABLE_DEBUG_INFO = NO;
				MTL_FAST_MATH = YES;
				SDKROOT = iphoneos;
				SWIFT_COMPILATION_MODE = wholemodule;
				SWIFT_OPTIMIZATION_LEVEL = "-O";
				VALIDATE_PRODUCT = YES;
			};
			name = Release;
		};
		7F1D215B21CF583A002AF483 /* Debug */ = {
			isa = XCBuildConfiguration;
			buildSettings = {
				ASSETCATALOG_COMPILER_APPICON_NAME = AppIcon;
				CODE_SIGN_STYLE = Automatic;
				DEVELOPMENT_TEAM = 47XJ7K85S2;
				INFOPLIST_FILE = Todoey/Info.plist;
				LD_RUNPATH_SEARCH_PATHS = (
					"$(inherited)",
					"@executable_path/Frameworks",
				);
				PRODUCT_BUNDLE_IDENTIFIER = com.ridho.Todoey;
				PRODUCT_NAME = "$(TARGET_NAME)";
				SWIFT_VERSION = 4.2;
				TARGETED_DEVICE_FAMILY = "1,2";
			};
			name = Debug;
		};
		7F1D215C21CF583A002AF483 /* Release */ = {
			isa = XCBuildConfiguration;
			buildSettings = {
				ASSETCATALOG_COMPILER_APPICON_NAME = AppIcon;
				CODE_SIGN_STYLE = Automatic;
				DEVELOPMENT_TEAM = 47XJ7K85S2;
				INFOPLIST_FILE = Todoey/Info.plist;
				LD_RUNPATH_SEARCH_PATHS = (
					"$(inherited)",
					"@executable_path/Frameworks",
				);
				PRODUCT_BUNDLE_IDENTIFIER = com.ridho.Todoey;
				PRODUCT_NAME = "$(TARGET_NAME)";
				SWIFT_VERSION = 4.2;
				TARGETED_DEVICE_FAMILY = "1,2";
			};
			name = Release;
		};
/* End XCBuildConfiguration section */

/* Begin XCConfigurationList section */
		7F1D214321CF5837002AF483 /* Build configuration list for PBXProject "Todoey" */ = {
			isa = XCConfigurationList;
			buildConfigurations = (
				7F1D215821CF583A002AF483 /* Debug */,
				7F1D215921CF583A002AF483 /* Release */,
			);
			defaultConfigurationIsVisible = 0;
			defaultConfigurationName = Release;
		};
		7F1D215A21CF583A002AF483 /* Build configuration list for PBXNativeTarget "Todoey" */ = {
			isa = XCConfigurationList;
			buildConfigurations = (
				7F1D215B21CF583A002AF483 /* Debug */,
				7F1D215C21CF583A002AF483 /* Release */,
			);
			defaultConfigurationIsVisible = 0;
			defaultConfigurationName = Release;
		};
/* End XCConfigurationList section */

/* Begin XCVersionGroup section */
		7FB2293821D28041004EB58D /* DataModel.xcdatamodeld */ = {
			isa = XCVersionGroup;
			children = (
				7FB2293921D28041004EB58D /* DataModel.xcdatamodel */,
			);
			currentVersion = 7FB2293921D28041004EB58D /* DataModel.xcdatamodel */;
			path = DataModel.xcdatamodeld;
			sourceTree = "<group>";
			versionGroupType = wrapper.xcdatamodel;
		};
/* End XCVersionGroup section */
	};
	rootObject = 7F1D214021CF5837002AF483 /* Project object */;
}
