// !$*UTF8*$!
{
	archiveVersion = 1;
	classes = {
	};
	objectVersion = 50;
	objects = {

/* Begin PBXBuildFile section */
		7FB3A4AF21DC353F002CC99C /* AppDelegate.swift in Sources */ = {isa = PBXBuildFile; fileRef = 7FB3A4AE21DC353F002CC99C /* AppDelegate.swift */; };
		7FB3A4B121DC353F002CC99C /* ViewController.swift in Sources */ = {isa = PBXBuildFile; fileRef = 7FB3A4B021DC353F002CC99C /* ViewController.swift */; };
		7FB3A4B421DC353F002CC99C /* Main.storyboard in Resources */ = {isa = PBXBuildFile; fileRef = 7FB3A4B221DC353F002CC99C /* Main.storyboard */; };
		7FB3A4B621DC3541002CC99C /* Assets.xcassets in Resources */ = {isa = PBXBuildFile; fileRef = 7FB3A4B521DC3541002CC99C /* Assets.xcassets */; };
		7FB3A4B921DC3541002CC99C /* LaunchScreen.storyboard in Resources */ = {isa = PBXBuildFile; fileRef = 7FB3A4B721DC3541002CC99C /* LaunchScreen.storyboard */; };
		7FB3A4C221DC35B1002CC99C /* HomeViewController.swift in Sources */ = {isa = PBXBuildFile; fileRef = 7FB3A4C021DC35B1002CC99C /* HomeViewController.swift */; };
		7FB3A4C321DC35B1002CC99C /* HomeViewController.xib in Resources */ = {isa = PBXBuildFile; fileRef = 7FB3A4C121DC35B1002CC99C /* HomeViewController.xib */; };
		7FB3A4C621DC36D8002CC99C /* HomeCollectionViewCell.swift in Sources */ = {isa = PBXBuildFile; fileRef = 7FB3A4C421DC36D8002CC99C /* HomeCollectionViewCell.swift */; };
		7FB3A4C721DC36D8002CC99C /* HomeCollectionViewCell.xib in Resources */ = {isa = PBXBuildFile; fileRef = 7FB3A4C521DC36D8002CC99C /* HomeCollectionViewCell.xib */; };
/* End PBXBuildFile section */

/* Begin PBXFileReference section */
		7FB3A4AB21DC353F002CC99C /* TcollectionView.app */ = {isa = PBXFileReference; explicitFileType = wrapper.application; includeInIndex = 0; path = TcollectionView.app; sourceTree = BUILT_PRODUCTS_DIR; };
		7FB3A4AE21DC353F002CC99C /* AppDelegate.swift */ = {isa = PBXFileReference; lastKnownFileType = sourcecode.swift; path = AppDelegate.swift; sourceTree = "<group>"; };
		7FB3A4B021DC353F002CC99C /* ViewController.swift */ = {isa = PBXFileReference; lastKnownFileType = sourcecode.swift; path = ViewController.swift; sourceTree = "<group>"; };
		7FB3A4B321DC353F002CC99C /* Base */ = {isa = PBXFileReference; lastKnownFileType = file.storyboard; name = Base; path = Base.lproj/Main.storyboard; sourceTree = "<group>"; };
		7FB3A4B521DC3541002CC99C /* Assets.xcassets */ = {isa = PBXFileReference; lastKnownFileType = folder.assetcatalog; path = Assets.xcassets; sourceTree = "<group>"; };
		7FB3A4B821DC3541002CC99C /* Base */ = {isa = PBXFileReference; lastKnownFileType = file.storyboard; name = Base; path = Base.lproj/LaunchScreen.storyboard; sourceTree = "<group>"; };
		7FB3A4BA21DC3541002CC99C /* Info.plist */ = {isa = PBXFileReference; lastKnownFileType = text.plist.xml; path = Info.plist; sourceTree = "<group>"; };
		7FB3A4C021DC35B1002CC99C /* HomeViewController.swift */ = {isa = PBXFileReference; lastKnownFileType = sourcecode.swift; path = HomeViewController.swift; sourceTree = "<group>"; };
		7FB3A4C121DC35B1002CC99C /* HomeViewController.xib */ = {isa = PBXFileReference; lastKnownFileType = file.xib; path = HomeViewController.xib; sourceTree = "<group>"; };
		7FB3A4C421DC36D8002CC99C /* HomeCollectionViewCell.swift */ = {isa = PBXFileReference; lastKnownFileType = sourcecode.swift; path = HomeCollectionViewCell.swift; sourceTree = "<group>"; };
		7FB3A4C521DC36D8002CC99C /* HomeCollectionViewCell.xib */ = {isa = PBXFileReference; lastKnownFileType = file.xib; path = HomeCollectionViewCell.xib; sourceTree = "<group>"; };
/* End PBXFileReference section */

/* Begin PBXFrameworksBuildPhase section */
		7FB3A4A821DC353F002CC99C /* Frameworks */ = {
			isa = PBXFrameworksBuildPhase;
			buildActionMask = 2147483647;
			files = (
			);
			runOnlyForDeploymentPostprocessing = 0;
		};
/* End PBXFrameworksBuildPhase section */

/* Begin PBXGroup section */
		7FB3A4A221DC353E002CC99C = {
			isa = PBXGroup;
			children = (
				7FB3A4AD21DC353F002CC99C /* TcollectionView */,
				7FB3A4AC21DC353F002CC99C /* Products */,
			);
			sourceTree = "<group>";
		};
		7FB3A4AC21DC353F002CC99C /* Products */ = {
			isa = PBXGroup;
			children = (
				7FB3A4AB21DC353F002CC99C /* TcollectionView.app */,
			);
			name = Products;
			sourceTree = "<group>";
		};
		7FB3A4AD21DC353F002CC99C /* TcollectionView */ = {
			isa = PBXGroup;
			children = (
				7FB3A4AE21DC353F002CC99C /* AppDelegate.swift */,
				7FB3A4B021DC353F002CC99C /* ViewController.swift */,
				7FB3A4B221DC353F002CC99C /* Main.storyboard */,
				7FB3A4B521DC3541002CC99C /* Assets.xcassets */,
				7FB3A4B721DC3541002CC99C /* LaunchScreen.storyboard */,
				7FB3A4BA21DC3541002CC99C /* Info.plist */,
				7FB3A4C021DC35B1002CC99C /* HomeViewController.swift */,
				7FB3A4C121DC35B1002CC99C /* HomeViewController.xib */,
				7FB3A4C421DC36D8002CC99C /* HomeCollectionViewCell.swift */,
				7FB3A4C521DC36D8002CC99C /* HomeCollectionViewCell.xib */,
			);
			path = TcollectionView;
			sourceTree = "<group>";
		};
/* End PBXGroup section */

/* Begin PBXNativeTarget section */
		7FB3A4AA21DC353F002CC99C /* TcollectionView */ = {
			isa = PBXNativeTarget;
			buildConfigurationList = 7FB3A4BD21DC3541002CC99C /* Build configuration list for PBXNativeTarget "TcollectionView" */;
			buildPhases = (
				7FB3A4A721DC353F002CC99C /* Sources */,
				7FB3A4A821DC353F002CC99C /* Frameworks */,
				7FB3A4A921DC353F002CC99C /* Resources */,
			);
			buildRules = (
			);
			dependencies = (
			);
			name = TcollectionView;
			productName = TcollectionView;
			productReference = 7FB3A4AB21DC353F002CC99C /* TcollectionView.app */;
			productType = "com.apple.product-type.application";
		};
/* End PBXNativeTarget section */

/* Begin PBXProject section */
		7FB3A4A321DC353E002CC99C /* Project object */ = {
			isa = PBXProject;
			attributes = {
				LastSwiftUpdateCheck = 1010;
				LastUpgradeCheck = 1010;
				ORGANIZATIONNAME = "muhammad ridho";
				TargetAttributes = {
					7FB3A4AA21DC353F002CC99C = {
						CreatedOnToolsVersion = 10.1;
					};
				};
			};
			buildConfigurationList = 7FB3A4A621DC353E002CC99C /* Build configuration list for PBXProject "TcollectionView" */;
			compatibilityVersion = "Xcode 9.3";
			developmentRegion = en;
			hasScannedForEncodings = 0;
			knownRegions = (
				en,
				Base,
			);
			mainGroup = 7FB3A4A221DC353E002CC99C;
			productRefGroup = 7FB3A4AC21DC353F002CC99C /* Products */;
			projectDirPath = "";
			projectRoot = "";
			targets = (
				7FB3A4AA21DC353F002CC99C /* TcollectionView */,
			);
		};
/* End PBXProject section */

/* Begin PBXResourcesBuildPhase section */
		7FB3A4A921DC353F002CC99C /* Resources */ = {
			isa = PBXResourcesBuildPhase;
			buildActionMask = 2147483647;
			files = (
				7FB3A4C721DC36D8002CC99C /* HomeCollectionViewCell.xib in Resources */,
				7FB3A4B921DC3541002CC99C /* LaunchScreen.storyboard in Resources */,
				7FB3A4B621DC3541002CC99C /* Assets.xcassets in Resources */,
				7FB3A4B421DC353F002CC99C /* Main.storyboard in Resources */,
				7FB3A4C321DC35B1002CC99C /* HomeViewController.xib in Resources */,
			);
			runOnlyForDeploymentPostprocessing = 0;
		};
/* End PBXResourcesBuildPhase section */

/* Begin PBXSourcesBuildPhase section */
		7FB3A4A721DC353F002CC99C /* Sources */ = {
			isa = PBXSourcesBuildPhase;
			buildActionMask = 2147483647;
			files = (
				7FB3A4B121DC353F002CC99C /* ViewController.swift in Sources */,
				7FB3A4AF21DC353F002CC99C /* AppDelegate.swift in Sources */,
				7FB3A4C221DC35B1002CC99C /* HomeViewController.swift in Sources */,
				7FB3A4C621DC36D8002CC99C /* HomeCollectionViewCell.swift in Sources */,
			);
			runOnlyForDeploymentPostprocessing = 0;
		};
/* End PBXSourcesBuildPhase section */

/* Begin PBXVariantGroup section */
		7FB3A4B221DC353F002CC99C /* Main.storyboard */ = {
			isa = PBXVariantGroup;
			children = (
				7FB3A4B321DC353F002CC99C /* Base */,
			);
			name = Main.storyboard;
			sourceTree = "<group>";
		};
		7FB3A4B721DC3541002CC99C /* LaunchScreen.storyboard */ = {
			isa = PBXVariantGroup;
			children = (
				7FB3A4B821DC3541002CC99C /* Base */,
			);
			name = LaunchScreen.storyboard;
			sourceTree = "<group>";
		};
/* End PBXVariantGroup section */

/* Begin XCBuildConfiguration section */
		7FB3A4BB21DC3541002CC99C /* Debug */ = {
			isa = XCBuildConfiguration;
			buildSettings = {
				ALWAYS_SEARCH_USER_PATHS = NO;
				CLANG_ANALYZER_NONNULL = YES;
				CLANG_ANALYZER_NUMBER_OBJECT_CONVERSION = YES_AGGRESSIVE;
				CLANG_CXX_LANGUAGE_STANDARD = "gnu++14";
				CLANG_CXX_LIBRARY = "libc++";
				CLANG_ENABLE_MODULES = YES;
				CLANG_ENABLE_OBJC_ARC = YES;
				CLANG_ENABLE_OBJC_WEAK = YES;
				CLANG_WARN_BLOCK_CAPTURE_AUTORELEASING = YES;
				CLANG_WARN_BOOL_CONVERSION = YES;
				CLANG_WARN_COMMA = YES;
				CLANG_WARN_CONSTANT_CONVERSION = YES;
				CLANG_WARN_DEPRECATED_OBJC_IMPLEMENTATIONS = YES;
				CLANG_WARN_DIRECT_OBJC_ISA_USAGE = YES_ERROR;
				CLANG_WARN_DOCUMENTATION_COMMENTS = YES;
				CLANG_WARN_EMPTY_BODY = YES;
				CLANG_WARN_ENUM_CONVERSION = YES;
				CLANG_WARN_INFINITE_RECURSION = YES;
				CLANG_WARN_INT_CONVERSION = YES;
				CLANG_WARN_NON_LITERAL_NULL_CONVERSION = YES;
				CLANG_WARN_OBJC_IMPLICIT_RETAIN_SELF = YES;
				CLANG_WARN_OBJC_LITERAL_CONVERSION = YES;
				CLANG_WARN_OBJC_ROOT_CLASS = YES_ERROR;
				CLANG_WARN_RANGE_LOOP_ANALYSIS = YES;
				CLANG_WARN_STRICT_PROTOTYPES = YES;
				CLANG_WARN_SUSPICIOUS_MOVE = YES;
				CLANG_WARN_UNGUARDED_AVAILABILITY = YES_AGGRESSIVE;
				CLANG_WARN_UNREACHABLE_CODE = YES;
				CLANG_WARN__DUPLICATE_METHOD_MATCH = YES;
				CODE_SIGN_IDENTITY = "iPhone Developer";
				COPY_PHASE_STRIP = NO;
				DEBUG_INFORMATION_FORMAT = dwarf;
				ENABLE_STRICT_OBJC_MSGSEND = YES;
				ENABLE_TESTABILITY = YES;
				GCC_C_LANGUAGE_STANDARD = gnu11;
				GCC_DYNAMIC_NO_PIC = NO;
				GCC_NO_COMMON_BLOCKS = YES;
				GCC_OPTIMIZATION_LEVEL = 0;
				GCC_PREPROCESSOR_DEFINITIONS = (
					"DEBUG=1",
					"$(inherited)",
				);
				GCC_WARN_64_TO_32_BIT_CONVERSION = YES;
				GCC_WARN_ABOUT_RETURN_TYPE = YES_ERROR;
				GCC_WARN_UNDECLARED_SELECTOR = YES;
				GCC_WARN_UNINITIALIZED_AUTOS = YES_AGGRESSIVE;
				GCC_WARN_UNUSED_FUNCTION = YES;
				GCC_WARN_UNUSED_VARIABLE = YES;
				IPHONEOS_DEPLOYMENT_TARGET = 12.1;
				MTL_ENABLE_DEBUG_INFO = INCLUDE_SOURCE;
				MTL_FAST_MATH = YES;
				ONLY_ACTIVE_ARCH = YES;
				SDKROOT = iphoneos;
				SWIFT_ACTIVE_COMPILATION_CONDITIONS = DEBUG;
				SWIFT_OPTIMIZATION_LEVEL = "-Onone";
			};
			name = Debug;
		};
		7FB3A4BC21DC3541002CC99C /* Release */ = {
			isa = XCBuildConfiguration;
			buildSettings = {
				ALWAYS_SEARCH_USER_PATHS = NO;
				CLANG_ANALYZER_NONNULL = YES;
				CLANG_ANALYZER_NUMBER_OBJECT_CONVERSION = YES_AGGRESSIVE;
				CLANG_CXX_LANGUAGE_STANDARD = "gnu++14";
				CLANG_CXX_LIBRARY = "libc++";
				CLANG_ENABLE_MODULES = YES;
				CLANG_ENABLE_OBJC_ARC = YES;
				CLANG_ENABLE_OBJC_WEAK = YES;
				CLANG_WARN_BLOCK_CAPTURE_AUTORELEASING = YES;
				CLANG_WARN_BOOL_CONVERSION = YES;
				CLANG_WARN_COMMA = YES;
				CLANG_WARN_CONSTANT_CONVERSION = YES;
				CLANG_WARN_DEPRECATED_OBJC_IMPLEMENTATIONS = YES;
				CLANG_WARN_DIRECT_OBJC_ISA_USAGE = YES_ERROR;
				CLANG_WARN_DOCUMENTATION_COMMENTS = YES;
				CLANG_WARN_EMPTY_BODY = YES;
				CLANG_WARN_ENUM_CONVERSION = YES;
				CLANG_WARN_INFINITE_RECURSION = YES;
				CLANG_WARN_INT_CONVERSION = YES;
				CLANG_WARN_NON_LITERAL_NULL_CONVERSION = YES;
				CLANG_WARN_OBJC_IMPLICIT_RETAIN_SELF = YES;
				CLANG_WARN_OBJC_LITERAL_CONVERSION = YES;
				CLANG_WARN_OBJC_ROOT_CLASS = YES_ERROR;
				CLANG_WARN_RANGE_LOOP_ANALYSIS = YES;
				CLANG_WARN_STRICT_PROTOTYPES = YES;
				CLANG_WARN_SUSPICIOUS_MOVE = YES;
				CLANG_WARN_UNGUARDED_AVAILABILITY = YES_AGGRESSIVE;
				CLANG_WARN_UNREACHABLE_CODE = YES;
				CLANG_WARN__DUPLICATE_METHOD_MATCH = YES;
				CODE_SIGN_IDENTITY = "iPhone Developer";
				COPY_PHASE_STRIP = NO;
				DEBUG_INFORMATION_FORMAT = "dwarf-with-dsym";
				ENABLE_NS_ASSERTIONS = NO;
				ENABLE_STRICT_OBJC_MSGSEND = YES;
				GCC_C_LANGUAGE_STANDARD = gnu11;
				GCC_NO_COMMON_BLOCKS = YES;
				GCC_WARN_64_TO_32_BIT_CONVERSION = YES;
				GCC_WARN_ABOUT_RETURN_TYPE = YES_ERROR;
				GCC_WARN_UNDECLARED_SELECTOR = YES;
				GCC_WARN_UNINITIALIZED_AUTOS = YES_AGGRESSIVE;
				GCC_WARN_UNUSED_FUNCTION = YES;
				GCC_WARN_UNUSED_VARIABLE = YES;
				IPHONEOS_DEPLOYMENT_TARGET = 12.1;
				MTL_ENABLE_DEBUG_INFO = NO;
				MTL_FAST_MATH = YES;
				SDKROOT = iphoneos;
				SWIFT_COMPILATION_MODE = wholemodule;
				SWIFT_OPTIMIZATION_LEVEL = "-O";
				VALIDATE_PRODUCT = YES;
			};
			name = Release;
		};
		7FB3A4BE21DC3541002CC99C /* Debug */ = {
			isa = XCBuildConfiguration;
			buildSettings = {
				ASSETCATALOG_COMPILER_APPICON_NAME = AppIcon;
				CODE_SIGN_STYLE = Automatic;
				DEVELOPMENT_TEAM = 47XJ7K85S2;
				INFOPLIST_FILE = TcollectionView/Info.plist;
				LD_RUNPATH_SEARCH_PATHS = (
					"$(inherited)",
					"@executable_path/Frameworks",
				);
				PRODUCT_BUNDLE_IDENTIFIER = com.ridho.TcollectionView;
				PRODUCT_NAME = "$(TARGET_NAME)";
				SWIFT_VERSION = 4.2;
				TARGETED_DEVICE_FAMILY = "1,2";
			};
			name = Debug;
		};
		7FB3A4BF21DC3541002CC99C /* Release */ = {
			isa = XCBuildConfiguration;
			buildSettings = {
				ASSETCATALOG_COMPILER_APPICON_NAME = AppIcon;
				CODE_SIGN_STYLE = Automatic;
				DEVELOPMENT_TEAM = 47XJ7K85S2;
				INFOPLIST_FILE = TcollectionView/Info.plist;
				LD_RUNPATH_SEARCH_PATHS = (
					"$(inherited)",
					"@executable_path/Frameworks",
				);
				PRODUCT_BUNDLE_IDENTIFIER = com.ridho.TcollectionView;
				PRODUCT_NAME = "$(TARGET_NAME)";
				SWIFT_VERSION = 4.2;
				TARGETED_DEVICE_FAMILY = "1,2";
			};
			name = Release;
		};
/* End XCBuildConfiguration section */

/* Begin XCConfigurationList section */
		7FB3A4A621DC353E002CC99C /* Build configuration list for PBXProject "TcollectionView" */ = {
			isa = XCConfigurationList;
			buildConfigurations = (
				7FB3A4BB21DC3541002CC99C /* Debug */,
				7FB3A4BC21DC3541002CC99C /* Release */,
			);
			defaultConfigurationIsVisible = 0;
			defaultConfigurationName = Release;
		};
		7FB3A4BD21DC3541002CC99C /* Build configuration list for PBXNativeTarget "TcollectionView" */ = {
			isa = XCConfigurationList;
			buildConfigurations = (
				7FB3A4BE21DC3541002CC99C /* Debug */,
				7FB3A4BF21DC3541002CC99C /* Release */,
			);
			defaultConfigurationIsVisible = 0;
			defaultConfigurationName = Release;
		};
/* End XCConfigurationList section */
	};
	rootObject = 7FB3A4A321DC353E002CC99C /* Project object */;
}
